
Microsoft Visual Studio Solution File, Format Version 12.00
# Visual Studio 15
VisualStudioVersion = 15.0.27703.2018
MinimumVisualStudioVersion = 10.0.40219.1
Project("{9A19103F-16F7-4668-BE54-9A1E7A4F7556}") = "RockPaperScissors.Web", "RockPaperScissors.Web\RockPaperScissors.Web.csproj", "{6563F24C-714B-4DB0-8DB5-02161FD88BC9}"
EndProject
Project("{9A19103F-16F7-4668-BE54-9A1E7A4F7556}") = "RockPaperScissors.Model", "RockPaperScissors.Model\RockPaperScissors.Model.csproj", "{163040C0-FB73-4BF6-9054-A0A21EA4D839}"
EndProject
Project("{9A19103F-16F7-4668-BE54-9A1E7A4F7556}") = "RockPaperScissors.Data", "RockPaperScissors.Data\RockPaperScissors.Data.csproj", "{58A16054-377A-47D2-A973-C176397DC222}"
EndProject
Project("{9A19103F-16F7-4668-BE54-9A1E7A4F7556}") = "RockPaperScissors.Service", "RockPaperScissors.Service\RockPaperScissors.Service.csproj", "{1E42B9B2-3E8E-4825-B7FB-D0AECB610382}"
EndProject
Project("{FAE04EC0-301F-11D3-BF4B-00C04F79EFBC}") = "RockPaperScissors.Dto", "RockPaperScissors.Dto\RockPaperScissors.Dto.csproj", "{A204838D-1015-4951-A0E8-55B399829CEE}"
EndProject
Global
	GlobalSection(SolutionConfigurationPlatforms) = preSolution
		Debug|Any CPU = Debug|Any CPU
		Release|Any CPU = Release|Any CPU
	EndGlobalSection
	GlobalSection(ProjectConfigurationPlatforms) = postSolution
		{6563F24C-714B-4DB0-8DB5-02161FD88BC9}.Debug|Any CPU.ActiveCfg = Debug|Any CPU
		{6563F24C-714B-4DB0-8DB5-02161FD88BC9}.Debug|Any CPU.Build.0 = Debug|Any CPU
		{6563F24C-714B-4DB0-8DB5-02161FD88BC9}.Release|Any CPU.ActiveCfg = Release|Any CPU
		{6563F24C-714B-4DB0-8DB5-02161FD88BC9}.Release|Any CPU.Build.0 = Release|Any CPU
		{163040C0-FB73-4BF6-9054-A0A21EA4D839}.Debug|Any CPU.ActiveCfg = Debug|Any CPU
		{163040C0-FB73-4BF6-9054-A0A21EA4D839}.Debug|Any CPU.Build.0 = Debug|Any CPU
		{163040C0-FB73-4BF6-9054-A0A21EA4D839}.Release|Any CPU.ActiveCfg = Release|Any CPU
		{163040C0-FB73-4BF6-9054-A0A21EA4D839}.Release|Any CPU.Build.0 = Release|Any CPU
		{58A16054-377A-47D2-A973-C176397DC222}.Debug|Any CPU.ActiveCfg = Debug|Any CPU
		{58A16054-377A-47D2-A973-C176397DC222}.Debug|Any CPU.Build.0 = Debug|Any CPU
		{58A16054-377A-47D2-A973-C176397DC222}.Release|Any CPU.ActiveCfg = Release|Any CPU
		{58A16054-377A-47D2-A973-C176397DC222}.Release|Any CPU.Build.0 = Release|Any CPU
		{1E42B9B2-3E8E-4825-B7FB-D0AECB610382}.Debug|Any CPU.ActiveCfg = Debug|Any CPU
		{1E42B9B2-3E8E-4825-B7FB-D0AECB610382}.Debug|Any CPU.Build.0 = Debug|Any CPU
		{1E42B9B2-3E8E-4825-B7FB-D0AECB610382}.Release|Any CPU.ActiveCfg = Release|Any CPU
		{1E42B9B2-3E8E-4825-B7FB-D0AECB610382}.Release|Any CPU.Build.0 = Release|Any CPU
		{A204838D-1015-4951-A0E8-55B399829CEE}.Debug|Any CPU.ActiveCfg = Debug|Any CPU
		{A204838D-1015-4951-A0E8-55B399829CEE}.Debug|Any CPU.Build.0 = Debug|Any CPU
		{A204838D-1015-4951-A0E8-55B399829CEE}.Release|Any CPU.ActiveCfg = Release|Any CPU
		{A204838D-1015-4951-A0E8-55B399829CEE}.Release|Any CPU.Build.0 = Release|Any CPU
	EndGlobalSection
	GlobalSection(SolutionProperties) = preSolution
		HideSolutionNode = FALSE
	EndGlobalSection
	GlobalSection(ExtensibilityGlobals) = postSolution
		SolutionGuid = {B7C419CD-14B3-4950-A7C5-7DB71793C89E}
	EndGlobalSection
EndGlobal
